// !$*UTF8*$!
{
	archiveVersion = 1;
	classes = {
	};
	objectVersion = 56;
	objects = {

/* Begin PBXBuildFile section */
		B10000000000000000000001 /* FocuswardApp.swift in Sources */ = {isa = PBXBuildFile; fileRef = A10000000000000000000011 /* FocuswardApp.swift */; };
		B10000000000000000000002 /* AppDelegate.swift in Sources */ = {isa = PBXBuildFile; fileRef = A10000000000000000000012 /* AppDelegate.swift */; };
		B10000000000000000000003 /* DomainMatcher.swift in Sources */ = {isa = PBXBuildFile; fileRef = A10000000000000000000013 /* DomainMatcher.swift */; };
		B10000000000000000000004 /* SessionStore.swift in Sources */ = {isa = PBXBuildFile; fileRef = A10000000000000000000014 /* SessionStore.swift */; };
		B10000000000000000000005 /* SafariAutomation.swift in Sources */ = {isa = PBXBuildFile; fileRef = A10000000000000000000015 /* SafariAutomation.swift */; };
		B10000000000000000000006 /* FocuswardModel.swift in Sources */ = {isa = PBXBuildFile; fileRef = A10000000000000000000016 /* FocuswardModel.swift */; };
		B10000000000000000000007 /* ContentView.swift in Sources */ = {isa = PBXBuildFile; fileRef = A10000000000000000000017 /* ContentView.swift */; };
		B10000000000000000000008 /* blocked.html in Resources */ = {isa = PBXBuildFile; fileRef = A10000000000000000000018 /* blocked.html */; };
		B10000000000000000000009 /* DomainMatcherTests.swift in Sources */ = {isa = PBXBuildFile; fileRef = A10000000000000000000020 /* DomainMatcherTests.swift */; };
		B10000000000000000000010 /* SessionStoreTests.swift in Sources */ = {isa = PBXBuildFile; fileRef = A10000000000000000000022 /* SessionStoreTests.swift */; };
		B10000000000000000000011 /* FocusDuration.swift in Sources */ = {isa = PBXBuildFile; fileRef = A10000000000000000000023 /* FocusDuration.swift */; };
		B10000000000000000000012 /* FocusDurationTests.swift in Sources */ = {isa = PBXBuildFile; fileRef = A10000000000000000000024 /* FocusDurationTests.swift */; };
		B10000000000000000000013 /* Assets.xcassets in Resources */ = {isa = PBXBuildFile; fileRef = A10000000000000000000025 /* Assets.xcassets */; };
		B10000000000000000000014 /* FocuswardLogo.png in Resources */ = {isa = PBXBuildFile; fileRef = A10000000000000000000026 /* FocuswardLogo.png */; };
/* End PBXBuildFile section */

/* Begin PBXContainerItemProxy section */
		F10000000000000000000001 /* PBXContainerItemProxy */ = {
			isa = PBXContainerItemProxy;
			containerPortal = A10000000000000000000000 /* Project object */;
			proxyType = 1;
			remoteGlobalIDString = C10000000000000000000001;
			remoteInfo = Focusward;
		};
/* End PBXContainerItemProxy section */

/* Begin PBXFileReference section */
		A10000000000000000000010 /* Focusward.app */ = {isa = PBXFileReference; explicitFileType = wrapper.application; includeInIndex = 0; path = Focusward.app; sourceTree = BUILT_PRODUCTS_DIR; };
		A10000000000000000000011 /* FocuswardApp.swift */ = {isa = PBXFileReference; lastKnownFileType = sourcecode.swift; path = FocuswardApp.swift; sourceTree = "<group>"; };
		A10000000000000000000012 /* AppDelegate.swift */ = {isa = PBXFileReference; lastKnownFileType = sourcecode.swift; path = AppDelegate.swift; sourceTree = "<group>"; };
		A10000000000000000000013 /* DomainMatcher.swift */ = {isa = PBXFileReference; lastKnownFileType = sourcecode.swift; path = DomainMatcher.swift; sourceTree = "<group>"; };
		A10000000000000000000014 /* SessionStore.swift */ = {isa = PBXFileReference; lastKnownFileType = sourcecode.swift; path = SessionStore.swift; sourceTree = "<group>"; };
		A10000000000000000000015 /* SafariAutomation.swift */ = {isa = PBXFileReference; lastKnownFileType = sourcecode.swift; path = SafariAutomation.swift; sourceTree = "<group>"; };
		A10000000000000000000016 /* FocuswardModel.swift */ = {isa = PBXFileReference; lastKnownFileType = sourcecode.swift; path = FocuswardModel.swift; sourceTree = "<group>"; };
		A10000000000000000000017 /* ContentView.swift */ = {isa = PBXFileReference; lastKnownFileType = sourcecode.swift; path = ContentView.swift; sourceTree = "<group>"; };
		A10000000000000000000018 /* blocked.html */ = {isa = PBXFileReference; lastKnownFileType = text.html; path = blocked.html; sourceTree = "<group>"; };
		A10000000000000000000019 /* Info.plist */ = {isa = PBXFileReference; lastKnownFileType = text.plist.xml; path = Info.plist; sourceTree = "<group>"; };
		A10000000000000000000020 /* DomainMatcherTests.swift */ = {isa = PBXFileReference; lastKnownFileType = sourcecode.swift; path = DomainMatcherTests.swift; sourceTree = "<group>"; };
		A10000000000000000000021 /* FocuswardTests.xctest */ = {isa = PBXFileReference; explicitFileType = wrapper.cfbundle; includeInIndex = 0; path = FocuswardTests.xctest; sourceTree = BUILT_PRODUCTS_DIR; };
		A10000000000000000000022 /* SessionStoreTests.swift */ = {isa = PBXFileReference; lastKnownFileType = sourcecode.swift; path = SessionStoreTests.swift; sourceTree = "<group>"; };
		A10000000000000000000023 /* FocusDuration.swift */ = {isa = PBXFileReference; lastKnownFileType = sourcecode.swift; path = FocusDuration.swift; sourceTree = "<group>"; };
		A10000000000000000000024 /* FocusDurationTests.swift */ = {isa = PBXFileReference; lastKnownFileType = sourcecode.swift; path = FocusDurationTests.swift; sourceTree = "<group>"; };
		A10000000000000000000025 /* Assets.xcassets */ = {isa = PBXFileReference; lastKnownFileType = folder.assetcatalog; path = Assets.xcassets; sourceTree = "<group>"; };
		A10000000000000000000026 /* FocuswardLogo.png */ = {isa = PBXFileReference; lastKnownFileType = image.png; path = FocuswardLogo.png; sourceTree = "<group>"; };
/* End PBXFileReference section */

/* Begin PBXFrameworksBuildPhase section */
		C10000000000000000000003 /* Frameworks */ = {
			isa = PBXFrameworksBuildPhase;
			buildActionMask = 2147483647;
			files = (
			);
			runOnlyForDeploymentPostprocessing = 0;
		};
		C10000000000000000000005 /* Frameworks */ = {
			isa = PBXFrameworksBuildPhase;
			buildActionMask = 2147483647;
			files = (
			);
			runOnlyForDeploymentPostprocessing = 0;
		};
/* End PBXFrameworksBuildPhase section */

/* Begin PBXGroup section */
		A10000000000000000000001 = {
			isa = PBXGroup;
			children = (
				A10000000000000000000003 /* Focusward */,
				A10000000000000000000005 /* FocuswardTests */,
				A10000000000000000000002 /* Products */,
			);
			sourceTree = "<group>";
		};
		A10000000000000000000002 /* Products */ = {
			isa = PBXGroup;
			children = (
				A10000000000000000000010 /* Focusward.app */,
				A10000000000000000000021 /* FocuswardTests.xctest */,
			);
			name = Products;
			sourceTree = "<group>";
		};
		A10000000000000000000003 /* Focusward */ = {
			isa = PBXGroup;
			children = (
				A10000000000000000000011 /* FocuswardApp.swift */,
				A10000000000000000000012 /* AppDelegate.swift */,
				A10000000000000000000017 /* ContentView.swift */,
				A10000000000000000000016 /* FocuswardModel.swift */,
				A10000000000000000000013 /* DomainMatcher.swift */,
				A10000000000000000000023 /* FocusDuration.swift */,
				A10000000000000000000015 /* SafariAutomation.swift */,
				A10000000000000000000014 /* SessionStore.swift */,
				A10000000000000000000019 /* Info.plist */,
				A10000000000000000000025 /* Assets.xcassets */,
				A10000000000000000000004 /* Resources */,
			);
			path = Focusward;
			sourceTree = "<group>";
		};
		A10000000000000000000004 /* Resources */ = {
			isa = PBXGroup;
			children = (
				A10000000000000000000018 /* blocked.html */,
				A10000000000000000000026 /* FocuswardLogo.png */,
			);
			path = Resources;
			sourceTree = "<group>";
		};
		A10000000000000000000005 /* FocuswardTests */ = {
			isa = PBXGroup;
			children = (
				A10000000000000000000020 /* DomainMatcherTests.swift */,
				A10000000000000000000022 /* SessionStoreTests.swift */,
				A10000000000000000000024 /* FocusDurationTests.swift */,
			);
			path = FocuswardTests;
			sourceTree = "<group>";
		};
/* End PBXGroup section */

/* Begin PBXNativeTarget section */
		C10000000000000000000001 /* Focusward */ = {
			isa = PBXNativeTarget;
			buildConfigurationList = E10000000000000000000002 /* Build configuration list for PBXNativeTarget "Focusward" */;
			buildPhases = (
				C10000000000000000000002 /* Sources */,
				C10000000000000000000003 /* Frameworks */,
				C10000000000000000000004 /* Resources */,
			);
			buildRules = (
			);
			dependencies = (
			);
			name = Focusward;
			productName = Focusward;
			productReference = A10000000000000000000010 /* Focusward.app */;
			productType = "com.apple.product-type.application";
		};
		C10000000000000000000006 /* FocuswardTests */ = {
			isa = PBXNativeTarget;
			buildConfigurationList = E10000000000000000000003 /* Build configuration list for PBXNativeTarget "FocuswardTests" */;
			buildPhases = (
				C10000000000000000000007 /* Sources */,
				C10000000000000000000005 /* Frameworks */,
				C10000000000000000000008 /* Resources */,
			);
			buildRules = (
			);
			dependencies = (
				F10000000000000000000002 /* PBXTargetDependency */,
			);
			name = FocuswardTests;
			productName = FocuswardTests;
			productReference = A10000000000000000000021 /* FocuswardTests.xctest */;
			productType = "com.apple.product-type.bundle.unit-test";
		};
/* End PBXNativeTarget section */

/* Begin PBXProject section */
		A10000000000000000000000 /* Project object */ = {
			isa = PBXProject;
			attributes = {
				BuildIndependentTargetsInParallel = 1;
				LastSwiftUpdateCheck = 2650;
				LastUpgradeCheck = 2650;
				TargetAttributes = {
					C10000000000000000000001 = {
						CreatedOnToolsVersion = 26.5;
					};
				};
			};
			buildConfigurationList = E10000000000000000000001 /* Build configuration list for PBXProject "Focusward" */;
			compatibilityVersion = "Xcode 14.0";
			developmentRegion = en;
			hasScannedForEncodings = 0;
			knownRegions = (
				en,
				Base,
			);
			mainGroup = A10000000000000000000001;
			productRefGroup = A10000000000000000000002 /* Products */;
			projectDirPath = "";
			projectRoot = "";
				targets = (
				C10000000000000000000001 /* Focusward */,
				C10000000000000000000006 /* FocuswardTests */,
			);
		};
/* End PBXProject section */

/* Begin PBXResourcesBuildPhase section */
		C10000000000000000000004 /* Resources */ = {
			isa = PBXResourcesBuildPhase;
			buildActionMask = 2147483647;
			files = (
				B10000000000000000000008 /* blocked.html in Resources */,
				B10000000000000000000014 /* FocuswardLogo.png in Resources */,
				B10000000000000000000013 /* Assets.xcassets in Resources */,
			);
			runOnlyForDeploymentPostprocessing = 0;
		};
		C10000000000000000000008 /* Resources */ = {
			isa = PBXResourcesBuildPhase;
			buildActionMask = 2147483647;
			files = (
			);
			runOnlyForDeploymentPostprocessing = 0;
		};
/* End PBXResourcesBuildPhase section */

/* Begin PBXSourcesBuildPhase section */
		C10000000000000000000002 /* Sources */ = {
			isa = PBXSourcesBuildPhase;
			buildActionMask = 2147483647;
			files = (
				B10000000000000000000001 /* FocuswardApp.swift in Sources */,
				B10000000000000000000002 /* AppDelegate.swift in Sources */,
				B10000000000000000000007 /* ContentView.swift in Sources */,
				B10000000000000000000006 /* FocuswardModel.swift in Sources */,
				B10000000000000000000003 /* DomainMatcher.swift in Sources */,
				B10000000000000000000005 /* SafariAutomation.swift in Sources */,
				B10000000000000000000004 /* SessionStore.swift in Sources */,
				B10000000000000000000011 /* FocusDuration.swift in Sources */,
			);
			runOnlyForDeploymentPostprocessing = 0;
		};
		C10000000000000000000007 /* Sources */ = {
			isa = PBXSourcesBuildPhase;
			buildActionMask = 2147483647;
			files = (
				B10000000000000000000009 /* DomainMatcherTests.swift in Sources */,
				B10000000000000000000010 /* SessionStoreTests.swift in Sources */,
				B10000000000000000000012 /* FocusDurationTests.swift in Sources */,
			);
			runOnlyForDeploymentPostprocessing = 0;
		};
/* End PBXSourcesBuildPhase section */

/* Begin PBXTargetDependency section */
		F10000000000000000000002 /* PBXTargetDependency */ = {
			isa = PBXTargetDependency;
			target = C10000000000000000000001 /* Focusward */;
			targetProxy = F10000000000000000000001 /* PBXContainerItemProxy */;
		};
/* End PBXTargetDependency section */

/* Begin XCBuildConfiguration section */
		D10000000000000000000001 /* Debug */ = {
			isa = XCBuildConfiguration;
			buildSettings = {
				ALWAYS_SEARCH_USER_PATHS = NO;
				CLANG_ENABLE_MODULES = YES;
				CLANG_ENABLE_OBJC_ARC = YES;
				CLANG_WARN_BOOL_CONVERSION = YES;
				CLANG_WARN_CONSTANT_CONVERSION = YES;
				CLANG_WARN_DOCUMENTATION_COMMENTS = YES;
				CLANG_WARN_EMPTY_BODY = YES;
				CLANG_WARN_ENUM_CONVERSION = YES;
				CLANG_WARN_INFINITE_RECURSION = YES;
				CLANG_WARN_INT_CONVERSION = YES;
				CLANG_WARN_NON_LITERAL_NULL_CONVERSION = YES;
				CLANG_WARN_OBJC_IMPLICIT_RETAIN_SELF = YES;
				CLANG_WARN_OBJC_LITERAL_CONVERSION = YES;
				CLANG_WARN_RANGE_LOOP_ANALYSIS = YES;
				CLANG_WARN_STRICT_PROTOTYPES = YES;
				CLANG_WARN_SUSPICIOUS_MOVE = YES;
				COPY_PHASE_STRIP = NO;
				DEBUG_INFORMATION_FORMAT = dwarf;
				ENABLE_TESTABILITY = YES;
				GCC_C_LANGUAGE_STANDARD = gnu17;
				GCC_NO_COMMON_BLOCKS = YES;
				GCC_OPTIMIZATION_LEVEL = 0;
				GCC_PREPROCESSOR_DEFINITIONS = (
					"DEBUG=1",
					"$(inherited)",
				);
				MACOSX_DEPLOYMENT_TARGET = 14.0;
				MTL_ENABLE_DEBUG_INFO = INCLUDE_SOURCE;
				ONLY_ACTIVE_ARCH = YES;
				SDKROOT = macosx;
				SWIFT_ACTIVE_COMPILATION_CONDITIONS = "DEBUG $(inherited)";
				SWIFT_OPTIMIZATION_LEVEL = "-Onone";
			};
			name = Debug;
		};
		D10000000000000000000002 /* Release */ = {
			isa = XCBuildConfiguration;
			buildSettings = {
				ALWAYS_SEARCH_USER_PATHS = NO;
				CLANG_ENABLE_MODULES = YES;
				CLANG_ENABLE_OBJC_ARC = YES;
				CLANG_WARN_BOOL_CONVERSION = YES;
				CLANG_WARN_CONSTANT_CONVERSION = YES;
				CLANG_WARN_DOCUMENTATION_COMMENTS = YES;
				CLANG_WARN_EMPTY_BODY = YES;
				CLANG_WARN_ENUM_CONVERSION = YES;
				CLANG_WARN_INFINITE_RECURSION = YES;
				CLANG_WARN_INT_CONVERSION = YES;
				CLANG_WARN_NON_LITERAL_NULL_CONVERSION = YES;
				CLANG_WARN_OBJC_IMPLICIT_RETAIN_SELF = YES;
				CLANG_WARN_OBJC_LITERAL_CONVERSION = YES;
				CLANG_WARN_RANGE_LOOP_ANALYSIS = YES;
				CLANG_WARN_STRICT_PROTOTYPES = YES;
				CLANG_WARN_SUSPICIOUS_MOVE = YES;
				COPY_PHASE_STRIP = NO;
				DEBUG_INFORMATION_FORMAT = "dwarf-with-dsym";
				ENABLE_NS_ASSERTIONS = NO;
				GCC_C_LANGUAGE_STANDARD = gnu17;
				GCC_NO_COMMON_BLOCKS = YES;
				MACOSX_DEPLOYMENT_TARGET = 14.0;
				MTL_ENABLE_DEBUG_INFO = NO;
				SDKROOT = macosx;
				SWIFT_COMPILATION_MODE = wholemodule;
		};
			name = Release;
		};
		D10000000000000000000003 /* Debug */ = {
			isa = XCBuildConfiguration;
			buildSettings = {
				ASSETCATALOG_COMPILER_APPICON_NAME = AppIcon;
				CODE_SIGN_IDENTITY = "-";
				CODE_SIGN_STYLE = Manual;
				COMBINE_HIDPI_IMAGES = YES;
				CURRENT_PROJECT_VERSION = 3;
				ENABLE_APP_SANDBOX = NO;
				ENABLE_HARDENED_RUNTIME = NO;
				GENERATE_INFOPLIST_FILE = NO;
				INFOPLIST_FILE = Focusward/Info.plist;
				LD_RUNPATH_SEARCH_PATHS = (
					"$(inherited)",
					"@executable_path/../Frameworks",
				);
				MARKETING_VERSION = 0.1.0;
				PRODUCT_BUNDLE_IDENTIFIER = app.focusward.local;
				PRODUCT_NAME = "$(TARGET_NAME)";
				SWIFT_EMIT_LOC_STRINGS = YES;
				SWIFT_STRICT_CONCURRENCY = complete;
				SWIFT_VERSION = 6.0;
			};
			name = Debug;
		};
		D10000000000000000000004 /* Release */ = {
			isa = XCBuildConfiguration;
			buildSettings = {
				ASSETCATALOG_COMPILER_APPICON_NAME = AppIcon;
				CODE_SIGN_IDENTITY = "-";
				CODE_SIGN_STYLE = Manual;
				COMBINE_HIDPI_IMAGES = YES;
				CURRENT_PROJECT_VERSION = 3;
				ENABLE_APP_SANDBOX = NO;
				ENABLE_HARDENED_RUNTIME = NO;
				GENERATE_INFOPLIST_FILE = NO;
				INFOPLIST_FILE = Focusward/Info.plist;
				LD_RUNPATH_SEARCH_PATHS = (
					"$(inherited)",
					"@executable_path/../Frameworks",
				);
				MARKETING_VERSION = 0.1.0;
				PRODUCT_BUNDLE_IDENTIFIER = app.focusward.local;
				PRODUCT_NAME = "$(TARGET_NAME)";
				SWIFT_EMIT_LOC_STRINGS = YES;
				SWIFT_STRICT_CONCURRENCY = complete;
				SWIFT_VERSION = 6.0;
			};
			name = Release;
		};
		D10000000000000000000005 /* Debug */ = {
			isa = XCBuildConfiguration;
			buildSettings = {
				BUNDLE_LOADER = "$(TEST_HOST)";
				CODE_SIGN_IDENTITY = "-";
				CODE_SIGN_STYLE = Manual;
				GENERATE_INFOPLIST_FILE = YES;
				MACOSX_DEPLOYMENT_TARGET = 14.0;
				PRODUCT_BUNDLE_IDENTIFIER = app.focusward.local.tests;
				PRODUCT_NAME = "$(TARGET_NAME)";
				SWIFT_STRICT_CONCURRENCY = complete;
				SWIFT_VERSION = 6.0;
				TEST_HOST = "$(BUILT_PRODUCTS_DIR)/Focusward.app/Contents/MacOS/Focusward";
			};
			name = Debug;
		};
		D10000000000000000000006 /* Release */ = {
			isa = XCBuildConfiguration;
			buildSettings = {
				BUNDLE_LOADER = "$(TEST_HOST)";
				CODE_SIGN_IDENTITY = "-";
				CODE_SIGN_STYLE = Manual;
				GENERATE_INFOPLIST_FILE = YES;
				MACOSX_DEPLOYMENT_TARGET = 14.0;
				PRODUCT_BUNDLE_IDENTIFIER = app.focusward.local.tests;
				PRODUCT_NAME = "$(TARGET_NAME)";
				SWIFT_STRICT_CONCURRENCY = complete;
				SWIFT_VERSION = 6.0;
				TEST_HOST = "$(BUILT_PRODUCTS_DIR)/Focusward.app/Contents/MacOS/Focusward";
			};
			name = Release;
		};
/* End XCBuildConfiguration section */

/* Begin XCConfigurationList section */
		E10000000000000000000001 /* Build configuration list for PBXProject "Focusward" */ = {
			isa = XCConfigurationList;
			buildConfigurations = (
				D10000000000000000000001 /* Debug */,
				D10000000000000000000002 /* Release */,
			);
			defaultConfigurationIsVisible = 0;
			defaultConfigurationName = Release;
		};
		E10000000000000000000002 /* Build configuration list for PBXNativeTarget "Focusward" */ = {
			isa = XCConfigurationList;
			buildConfigurations = (
				D10000000000000000000003 /* Debug */,
				D10000000000000000000004 /* Release */,
			);
			defaultConfigurationIsVisible = 0;
			defaultConfigurationName = Release;
		};
		E10000000000000000000003 /* Build configuration list for PBXNativeTarget "FocuswardTests" */ = {
			isa = XCConfigurationList;
			buildConfigurations = (
				D10000000000000000000005 /* Debug */,
				D10000000000000000000006 /* Release */,
			);
			defaultConfigurationIsVisible = 0;
			defaultConfigurationName = Release;
		};
/* End XCConfigurationList section */
	};
	rootObject = A10000000000000000000000 /* Project object */;
}
